
Microsoft Visual Studio Solution File, Format Version 12.00
# Visual Studio Version 17
VisualStudioVersion = 17.2.32516.85
MinimumVisualStudioVersion = 10.0.40219.1
Project("{888888A0-9F3D-457C-B088-3A5042F75D52}") = "Basic_Calculator", "Basic_Calculator\Basic_Calculator.pyproj", "{FC2BADB0-C753-465F-A078-94F745FD6FE0}"
EndProject
Global
	GlobalSection(SolutionConfigurationPlatforms) = preSolution
		Debug|Any CPU = Debug|Any CPU
		Release|Any CPU = Release|Any CPU
	EndGlobalSection
	GlobalSection(ProjectConfigurationPlatforms) = postSolution
		{FC2BADB0-C753-465F-A078-94F745FD6FE0}.Debug|Any CPU.ActiveCfg = Debug|Any CPU
		{FC2BADB0-C753-465F-A078-94F745FD6FE0}.Release|Any CPU.ActiveCfg = Release|Any CPU
	EndGlobalSection
	GlobalSection(SolutionProperties) = preSolution
		HideSolutionNode = FALSE
	EndGlobalSection
	GlobalSection(ExtensibilityGlobals) = postSolution
		SolutionGuid = {C75EE19D-474C-4301-9376-3DD0EF54DAE8}
	EndGlobalSection
EndGlobal
